
Microsoft Visual Studio Solution File, Format Version 12.00
# Visual Studio Version 17
VisualStudioVersion = 17.13.35931.197
MinimumVisualStudioVersion = 10.0.40219.1
Project("{FAE04EC0-301F-11D3-BF4B-00C04F79EFBC}") = "GerenciadorPedidos.Domain", "GerenciadorPedidos.Domain\GerenciadorPedidos.Domain.csproj", "{DED4B2CC-87B7-42CB-80F5-81A6C74D434C}"
EndProject
Project("{FAE04EC0-301F-11D3-BF4B-00C04F79EFBC}") = "GerenciadorPedidos.Infra.Data", "GerenciadorPedidos.Infra.Data\GerenciadorPedidos.Infra.Data.csproj", "{CAAE4E27-B4CD-4872-9409-3BA94B82C3EC}"
EndProject
Project("{FAE04EC0-301F-11D3-BF4B-00C04F79EFBC}") = "GerenciadorPedidos.Infra.Ioc", "GerenciadorPedidos.Infra.Ioc\GerenciadorPedidos.Infra.Ioc.csproj", "{093D0440-00E2-4A7B-935E-20435F4AC16D}"
EndProject
Project("{FAE04EC0-301F-11D3-BF4B-00C04F79EFBC}") = "GerenciadorPedidos.Application", "GerenciadorPedidos.Application\GerenciadorPedidos.Application.csproj", "{788B8CCF-D8A3-4DAE-83CA-03C61E41F83C}"
EndProject
Project("{FAE04EC0-301F-11D3-BF4B-00C04F79EFBC}") = "GerenciadorPedidos.API", "GerenciadorPedidos\GerenciadorPedidos.API.csproj", "{0FB8277C-D78C-49A5-87AB-8947CD125B81}"
EndProject
Global
	GlobalSection(SolutionConfigurationPlatforms) = preSolution
		Debug|Any CPU = Debug|Any CPU
		Release|Any CPU = Release|Any CPU
	EndGlobalSection
	GlobalSection(ProjectConfigurationPlatforms) = postSolution
		{DED4B2CC-87B7-42CB-80F5-81A6C74D434C}.Debug|Any CPU.ActiveCfg = Debug|Any CPU
		{DED4B2CC-87B7-42CB-80F5-81A6C74D434C}.Debug|Any CPU.Build.0 = Debug|Any CPU
		{DED4B2CC-87B7-42CB-80F5-81A6C74D434C}.Release|Any CPU.ActiveCfg = Release|Any CPU
		{DED4B2CC-87B7-42CB-80F5-81A6C74D434C}.Release|Any CPU.Build.0 = Release|Any CPU
		{CAAE4E27-B4CD-4872-9409-3BA94B82C3EC}.Debug|Any CPU.ActiveCfg = Debug|Any CPU
		{CAAE4E27-B4CD-4872-9409-3BA94B82C3EC}.Debug|Any CPU.Build.0 = Debug|Any CPU
		{CAAE4E27-B4CD-4872-9409-3BA94B82C3EC}.Release|Any CPU.ActiveCfg = Release|Any CPU
		{CAAE4E27-B4CD-4872-9409-3BA94B82C3EC}.Release|Any CPU.Build.0 = Release|Any CPU
		{093D0440-00E2-4A7B-935E-20435F4AC16D}.Debug|Any CPU.ActiveCfg = Debug|Any CPU
		{093D0440-00E2-4A7B-935E-20435F4AC16D}.Debug|Any CPU.Build.0 = Debug|Any CPU
		{093D0440-00E2-4A7B-935E-20435F4AC16D}.Release|Any CPU.ActiveCfg = Release|Any CPU
		{093D0440-00E2-4A7B-935E-20435F4AC16D}.Release|Any CPU.Build.0 = Release|Any CPU
		{788B8CCF-D8A3-4DAE-83CA-03C61E41F83C}.Debug|Any CPU.ActiveCfg = Debug|Any CPU
		{788B8CCF-D8A3-4DAE-83CA-03C61E41F83C}.Debug|Any CPU.Build.0 = Debug|Any CPU
		{788B8CCF-D8A3-4DAE-83CA-03C61E41F83C}.Release|Any CPU.ActiveCfg = Release|Any CPU
		{788B8CCF-D8A3-4DAE-83CA-03C61E41F83C}.Release|Any CPU.Build.0 = Release|Any CPU
		{0FB8277C-D78C-49A5-87AB-8947CD125B81}.Debug|Any CPU.ActiveCfg = Debug|Any CPU
		{0FB8277C-D78C-49A5-87AB-8947CD125B81}.Debug|Any CPU.Build.0 = Debug|Any CPU
		{0FB8277C-D78C-49A5-87AB-8947CD125B81}.Release|Any CPU.ActiveCfg = Release|Any CPU
		{0FB8277C-D78C-49A5-87AB-8947CD125B81}.Release|Any CPU.Build.0 = Release|Any CPU
	EndGlobalSection
	GlobalSection(SolutionProperties) = preSolution
		HideSolutionNode = FALSE
	EndGlobalSection
	GlobalSection(ExtensibilityGlobals) = postSolution
		SolutionGuid = {E6FBDD22-7150-4B83-8928-049511924AF5}
	EndGlobalSection
EndGlobal
